// !$*UTF8*$!
{
	archiveVersion = 1;
	classes = {
	};
	objectVersion = 56;
	objects = {

/* Begin PBXBuildFile section */
		9942A4B1CF6593075F5BA1C9 /* Pods_CarSpeedTest.framework in Frameworks */ = {isa = PBXBuildFile; fileRef = 382504B52FC28B3BFD8A36D1 /* Pods_CarSpeedTest.framework */; };
		C0713F182A261E5600B87B06 /* CarSpeedTestApp.swift in Sources */ = {isa = PBXBuildFile; fileRef = C0713F172A261E5600B87B06 /* CarSpeedTestApp.swift */; };
		C0713F1A2A261E5600B87B06 /* ContentView.swift in Sources */ = {isa = PBXBuildFile; fileRef = C0713F192A261E5600B87B06 /* ContentView.swift */; };
		C0713F1C2A261E5700B87B06 /* Assets.xcassets in Resources */ = {isa = PBXBuildFile; fileRef = C0713F1B2A261E5700B87B06 /* Assets.xcassets */; };
		C0713F1F2A261E5700B87B06 /* Preview Assets.xcassets in Resources */ = {isa = PBXBuildFile; fileRef = C0713F1E2A261E5700B87B06 /* Preview Assets.xcassets */; };
		C0713F272A261E7D00B87B06 /* SwiftUICharts in Frameworks */ = {isa = PBXBuildFile; productRef = C0713F262A261E7D00B87B06 /* SwiftUICharts */; };
		C08B19632A2E99D000153AE3 /* GoogleService-Info.plist in Resources */ = {isa = PBXBuildFile; fileRef = C08B19622A2E99D000153AE3 /* GoogleService-Info.plist */; };
		C0C38B5B2A436E5400415698 /* Simulator Screenshot - iPhone 14 Pro - 2023-06-21 at 19.43.25.png in Resources */ = {isa = PBXBuildFile; fileRef = C0C38B5A2A436E5400415698 /* Simulator Screenshot - iPhone 14 Pro - 2023-06-21 at 19.43.25.png */; };
		C0C38B5D2A4373BF00415698 /* ezgif.com-video-to-gif.gif in Resources */ = {isa = PBXBuildFile; fileRef = C0C38B5C2A4373BE00415698 /* ezgif.com-video-to-gif.gif */; };
		C0FA01082A3E73C700C98092 /* Simulator Screenshot - iPhone 14 Pro - 2023-06-18 at 01.05.05.png in Resources */ = {isa = PBXBuildFile; fileRef = C0FA01042A3E73C700C98092 /* Simulator Screenshot - iPhone 14 Pro - 2023-06-18 at 01.05.05.png */; };
		C0FA01092A3E73C700C98092 /* Simulator Screenshot - iPhone 14 Pro - 2023-06-18 at 01.05.11.png in Resources */ = {isa = PBXBuildFile; fileRef = C0FA01052A3E73C700C98092 /* Simulator Screenshot - iPhone 14 Pro - 2023-06-18 at 01.05.11.png */; };
		C0FA010A2A3E73C700C98092 /* Simulator Screenshot - iPhone 14 Pro - 2023-06-18 at 01.04.22.png in Resources */ = {isa = PBXBuildFile; fileRef = C0FA01062A3E73C700C98092 /* Simulator Screenshot - iPhone 14 Pro - 2023-06-18 at 01.04.22.png */; };
/* End PBXBuildFile section */

/* Begin PBXFileReference section */
		382504B52FC28B3BFD8A36D1 /* Pods_CarSpeedTest.framework */ = {isa = PBXFileReference; explicitFileType = wrapper.framework; includeInIndex = 0; path = Pods_CarSpeedTest.framework; sourceTree = BUILT_PRODUCTS_DIR; };
		76AE3F09F3B4B65A17285F3A /* Pods-CarSpeedTest.release.xcconfig */ = {isa = PBXFileReference; includeInIndex = 1; lastKnownFileType = text.xcconfig; name = "Pods-CarSpeedTest.release.xcconfig"; path = "Target Support Files/Pods-CarSpeedTest/Pods-CarSpeedTest.release.xcconfig"; sourceTree = "<group>"; };
		C069837A2A2754F700546A49 /* Info.plist */ = {isa = PBXFileReference; lastKnownFileType = text.plist; path = Info.plist; sourceTree = "<group>"; };
		C0713F142A261E5600B87B06 /* CarSpeedTest.app */ = {isa = PBXFileReference; explicitFileType = wrapper.application; includeInIndex = 0; path = CarSpeedTest.app; sourceTree = BUILT_PRODUCTS_DIR; };
		C0713F172A261E5600B87B06 /* CarSpeedTestApp.swift */ = {isa = PBXFileReference; lastKnownFileType = sourcecode.swift; path = CarSpeedTestApp.swift; sourceTree = "<group>"; };
		C0713F192A261E5600B87B06 /* ContentView.swift */ = {isa = PBXFileReference; lastKnownFileType = sourcecode.swift; path = ContentView.swift; sourceTree = "<group>"; };
		C0713F1B2A261E5700B87B06 /* Assets.xcassets */ = {isa = PBXFileReference; lastKnownFileType = folder.assetcatalog; path = Assets.xcassets; sourceTree = "<group>"; };
		C0713F1E2A261E5700B87B06 /* Preview Assets.xcassets */ = {isa = PBXFileReference; lastKnownFileType = folder.assetcatalog; path = "Preview Assets.xcassets"; sourceTree = "<group>"; };
		C08B19622A2E99D000153AE3 /* GoogleService-Info.plist */ = {isa = PBXFileReference; fileEncoding = 4; lastKnownFileType = text.plist.xml; name = "GoogleService-Info.plist"; path = "../../GoogleService-Info.plist"; sourceTree = "<group>"; };
		C0C38B5A2A436E5400415698 /* Simulator Screenshot - iPhone 14 Pro - 2023-06-21 at 19.43.25.png */ = {isa = PBXFileReference; lastKnownFileType = image.png; path = "Simulator Screenshot - iPhone 14 Pro - 2023-06-21 at 19.43.25.png"; sourceTree = "<group>"; };
		C0C38B5C2A4373BE00415698 /* ezgif.com-video-to-gif.gif */ = {isa = PBXFileReference; lastKnownFileType = image.gif; path = "ezgif.com-video-to-gif.gif"; sourceTree = "<group>"; };
		C0FA01042A3E73C700C98092 /* Simulator Screenshot - iPhone 14 Pro - 2023-06-18 at 01.05.05.png */ = {isa = PBXFileReference; lastKnownFileType = image.png; path = "Simulator Screenshot - iPhone 14 Pro - 2023-06-18 at 01.05.05.png"; sourceTree = "<group>"; };
		C0FA01052A3E73C700C98092 /* Simulator Screenshot - iPhone 14 Pro - 2023-06-18 at 01.05.11.png */ = {isa = PBXFileReference; lastKnownFileType = image.png; path = "Simulator Screenshot - iPhone 14 Pro - 2023-06-18 at 01.05.11.png"; sourceTree = "<group>"; };
		C0FA01062A3E73C700C98092 /* Simulator Screenshot - iPhone 14 Pro - 2023-06-18 at 01.04.22.png */ = {isa = PBXFileReference; lastKnownFileType = image.png; path = "Simulator Screenshot - iPhone 14 Pro - 2023-06-18 at 01.04.22.png"; sourceTree = "<group>"; };
		DB3D3A599A4F713991DB40A0 /* Pods-CarSpeedTest.debug.xcconfig */ = {isa = PBXFileReference; includeInIndex = 1; lastKnownFileType = text.xcconfig; name = "Pods-CarSpeedTest.debug.xcconfig"; path = "Target Support Files/Pods-CarSpeedTest/Pods-CarSpeedTest.debug.xcconfig"; sourceTree = "<group>"; };
/* End PBXFileReference section */

/* Begin PBXFrameworksBuildPhase section */
		C0713F112A261E5600B87B06 /* Frameworks */ = {
			isa = PBXFrameworksBuildPhase;
			buildActionMask = 2147483647;
			files = (
				C0713F272A261E7D00B87B06 /* SwiftUICharts in Frameworks */,
				9942A4B1CF6593075F5BA1C9 /* Pods_CarSpeedTest.framework in Frameworks */,
			);
			runOnlyForDeploymentPostprocessing = 0;
		};
/* End PBXFrameworksBuildPhase section */

/* Begin PBXGroup section */
		249BA9CCE5A3941A8A64DCB5 /* Pods */ = {
			isa = PBXGroup;
			children = (
				DB3D3A599A4F713991DB40A0 /* Pods-CarSpeedTest.debug.xcconfig */,
				76AE3F09F3B4B65A17285F3A /* Pods-CarSpeedTest.release.xcconfig */,
			);
			path = Pods;
			sourceTree = "<group>";
		};
		46DE4A67240391BB5ADAD890 /* Frameworks */ = {
			isa = PBXGroup;
			children = (
				382504B52FC28B3BFD8A36D1 /* Pods_CarSpeedTest.framework */,
			);
			name = Frameworks;
			sourceTree = "<group>";
		};
		C0713F0B2A261E5600B87B06 = {
			isa = PBXGroup;
			children = (
				C0713F162A261E5600B87B06 /* CarSpeedTest */,
				C0713F152A261E5600B87B06 /* Products */,
				249BA9CCE5A3941A8A64DCB5 /* Pods */,
				46DE4A67240391BB5ADAD890 /* Frameworks */,
			);
			sourceTree = "<group>";
		};
		C0713F152A261E5600B87B06 /* Products */ = {
			isa = PBXGroup;
			children = (
				C0713F142A261E5600B87B06 /* CarSpeedTest.app */,
			);
			name = Products;
			sourceTree = "<group>";
		};
		C0713F162A261E5600B87B06 /* CarSpeedTest */ = {
			isa = PBXGroup;
			children = (
				C069837A2A2754F700546A49 /* Info.plist */,
				C08B19622A2E99D000153AE3 /* GoogleService-Info.plist */,
				C0713F172A261E5600B87B06 /* CarSpeedTestApp.swift */,
				C0713F192A261E5600B87B06 /* ContentView.swift */,
				C09979EC2A2CAF19008FB694 /* Screenshots */,
				C0713F1B2A261E5700B87B06 /* Assets.xcassets */,
				C0713F1D2A261E5700B87B06 /* Preview Content */,
			);
			path = CarSpeedTest;
			sourceTree = "<group>";
		};
		C0713F1D2A261E5700B87B06 /* Preview Content */ = {
			isa = PBXGroup;
			children = (
				C0713F1E2A261E5700B87B06 /* Preview Assets.xcassets */,
			);
			path = "Preview Content";
			sourceTree = "<group>";
		};
		C09979EC2A2CAF19008FB694 /* Screenshots */ = {
			isa = PBXGroup;
			children = (
				C0C38B5C2A4373BE00415698 /* ezgif.com-video-to-gif.gif */,
				C0FA01062A3E73C700C98092 /* Simulator Screenshot - iPhone 14 Pro - 2023-06-18 at 01.04.22.png */,
				C0C38B5A2A436E5400415698 /* Simulator Screenshot - iPhone 14 Pro - 2023-06-21 at 19.43.25.png */,
				C0FA01042A3E73C700C98092 /* Simulator Screenshot - iPhone 14 Pro - 2023-06-18 at 01.05.05.png */,
				C0FA01052A3E73C700C98092 /* Simulator Screenshot - iPhone 14 Pro - 2023-06-18 at 01.05.11.png */,
			);
			path = Screenshots;
			sourceTree = "<group>";
		};
/* End PBXGroup section */

/* Begin PBXNativeTarget section */
		C0713F132A261E5600B87B06 /* CarSpeedTest */ = {
			isa = PBXNativeTarget;
			buildConfigurationList = C0713F222A261E5700B87B06 /* Build configuration list for PBXNativeTarget "CarSpeedTest" */;
			buildPhases = (
				5739F72358731629003E6FF5 /* [CP] Check Pods Manifest.lock */,
				C0713F102A261E5600B87B06 /* Sources */,
				C0713F112A261E5600B87B06 /* Frameworks */,
				C0713F122A261E5600B87B06 /* Resources */,
				D9E48AC8661CA2F3B7D750D3 /* [CP] Embed Pods Frameworks */,
			);
			buildRules = (
			);
			dependencies = (
			);
			name = CarSpeedTest;
			packageProductDependencies = (
				C0713F262A261E7D00B87B06 /* SwiftUICharts */,
			);
			productName = CarSpeedTest;
			productReference = C0713F142A261E5600B87B06 /* CarSpeedTest.app */;
			productType = "com.apple.product-type.application";
		};
/* End PBXNativeTarget section */

/* Begin PBXProject section */
		C0713F0C2A261E5600B87B06 /* Project object */ = {
			isa = PBXProject;
			attributes = {
				BuildIndependentTargetsInParallel = 1;
				LastSwiftUpdateCheck = 1430;
				LastUpgradeCheck = 1430;
				TargetAttributes = {
					C0713F132A261E5600B87B06 = {
						CreatedOnToolsVersion = 14.3;
					};
				};
			};
			buildConfigurationList = C0713F0F2A261E5600B87B06 /* Build configuration list for PBXProject "CarSpeedTest" */;
			compatibilityVersion = "Xcode 14.0";
			developmentRegion = en;
			hasScannedForEncodings = 0;
			knownRegions = (
				en,
				Base,
			);
			mainGroup = C0713F0B2A261E5600B87B06;
			packageReferences = (
				C0713F252A261E7D00B87B06 /* XCRemoteSwiftPackageReference "ChartView" */,
			);
			productRefGroup = C0713F152A261E5600B87B06 /* Products */;
			projectDirPath = "";
			projectRoot = "";
			targets = (
				C0713F132A261E5600B87B06 /* CarSpeedTest */,
			);
		};
/* End PBXProject section */

/* Begin PBXResourcesBuildPhase section */
		C0713F122A261E5600B87B06 /* Resources */ = {
			isa = PBXResourcesBuildPhase;
			buildActionMask = 2147483647;
			files = (
				C0713F1F2A261E5700B87B06 /* Preview Assets.xcassets in Resources */,
				C0FA01092A3E73C700C98092 /* Simulator Screenshot - iPhone 14 Pro - 2023-06-18 at 01.05.11.png in Resources */,
				C0713F1C2A261E5700B87B06 /* Assets.xcassets in Resources */,
				C08B19632A2E99D000153AE3 /* GoogleService-Info.plist in Resources */,
				C0C38B5B2A436E5400415698 /* Simulator Screenshot - iPhone 14 Pro - 2023-06-21 at 19.43.25.png in Resources */,
				C0FA01082A3E73C700C98092 /* Simulator Screenshot - iPhone 14 Pro - 2023-06-18 at 01.05.05.png in Resources */,
				C0FA010A2A3E73C700C98092 /* Simulator Screenshot - iPhone 14 Pro - 2023-06-18 at 01.04.22.png in Resources */,
				C0C38B5D2A4373BF00415698 /* ezgif.com-video-to-gif.gif in Resources */,
			);
			runOnlyForDeploymentPostprocessing = 0;
		};
/* End PBXResourcesBuildPhase section */

/* Begin PBXShellScriptBuildPhase section */
		5739F72358731629003E6FF5 /* [CP] Check Pods Manifest.lock */ = {
			isa = PBXShellScriptBuildPhase;
			buildActionMask = 2147483647;
			files = (
			);
			inputFileListPaths = (
			);
			inputPaths = (
				"${PODS_PODFILE_DIR_PATH}/Podfile.lock",
				"${PODS_ROOT}/Manifest.lock",
			);
			name = "[CP] Check Pods Manifest.lock";
			outputFileListPaths = (
			);
			outputPaths = (
				"$(DERIVED_FILE_DIR)/Pods-CarSpeedTest-checkManifestLockResult.txt",
			);
			runOnlyForDeploymentPostprocessing = 0;
			shellPath = /bin/sh;
			shellScript = "diff \"${PODS_PODFILE_DIR_PATH}/Podfile.lock\" \"${PODS_ROOT}/Manifest.lock\" > /dev/null\nif [ $? != 0 ] ; then\n    # print error to STDERR\n    echo \"error: The sandbox is not in sync with the Podfile.lock. Run 'pod install' or update your CocoaPods installation.\" >&2\n    exit 1\nfi\n# This output is used by Xcode 'outputs' to avoid re-running this script phase.\necho \"SUCCESS\" > \"${SCRIPT_OUTPUT_FILE_0}\"\n";
			showEnvVarsInLog = 0;
		};
		D9E48AC8661CA2F3B7D750D3 /* [CP] Embed Pods Frameworks */ = {
			isa = PBXShellScriptBuildPhase;
			buildActionMask = 2147483647;
			files = (
			);
			inputFileListPaths = (
				"${PODS_ROOT}/Target Support Files/Pods-CarSpeedTest/Pods-CarSpeedTest-frameworks-${CONFIGURATION}-input-files.xcfilelist",
			);
			name = "[CP] Embed Pods Frameworks";
			outputFileListPaths = (
				"${PODS_ROOT}/Target Support Files/Pods-CarSpeedTest/Pods-CarSpeedTest-frameworks-${CONFIGURATION}-output-files.xcfilelist",
			);
			runOnlyForDeploymentPostprocessing = 0;
			shellPath = /bin/sh;
			shellScript = "\"${PODS_ROOT}/Target Support Files/Pods-CarSpeedTest/Pods-CarSpeedTest-frameworks.sh\"\n";
			showEnvVarsInLog = 0;
		};
/* End PBXShellScriptBuildPhase section */

/* Begin PBXSourcesBuildPhase section */
		C0713F102A261E5600B87B06 /* Sources */ = {
			isa = PBXSourcesBuildPhase;
			buildActionMask = 2147483647;
			files = (
				C0713F1A2A261E5600B87B06 /* ContentView.swift in Sources */,
				C0713F182A261E5600B87B06 /* CarSpeedTestApp.swift in Sources */,
			);
			runOnlyForDeploymentPostprocessing = 0;
		};
/* End PBXSourcesBuildPhase section */

/* Begin XCBuildConfiguration section */
		C0713F202A261E5700B87B06 /* Debug */ = {
			isa = XCBuildConfiguration;
			buildSettings = {
				ALWAYS_SEARCH_USER_PATHS = NO;
				CLANG_ANALYZER_NONNULL = YES;
				CLANG_ANALYZER_NUMBER_OBJECT_CONVERSION = YES_AGGRESSIVE;
				CLANG_CXX_LANGUAGE_STANDARD = "gnu++20";
				CLANG_ENABLE_MODULES = YES;
				CLANG_ENABLE_OBJC_ARC = YES;
				CLANG_ENABLE_OBJC_WEAK = YES;
				CLANG_WARN_BLOCK_CAPTURE_AUTORELEASING = YES;
				CLANG_WARN_BOOL_CONVERSION = YES;
				CLANG_WARN_COMMA = YES;
				CLANG_WARN_CONSTANT_CONVERSION = YES;
				CLANG_WARN_DEPRECATED_OBJC_IMPLEMENTATIONS = YES;
				CLANG_WARN_DIRECT_OBJC_ISA_USAGE = YES_ERROR;
				CLANG_WARN_DOCUMENTATION_COMMENTS = YES;
				CLANG_WARN_EMPTY_BODY = YES;
				CLANG_WARN_ENUM_CONVERSION = YES;
				CLANG_WARN_INFINITE_RECURSION = YES;
				CLANG_WARN_INT_CONVERSION = YES;
				CLANG_WARN_NON_LITERAL_NULL_CONVERSION = YES;
				CLANG_WARN_OBJC_IMPLICIT_RETAIN_SELF = YES;
				CLANG_WARN_OBJC_LITERAL_CONVERSION = YES;
				CLANG_WARN_OBJC_ROOT_CLASS = YES_ERROR;
				CLANG_WARN_QUOTED_INCLUDE_IN_FRAMEWORK_HEADER = YES;
				CLANG_WARN_RANGE_LOOP_ANALYSIS = YES;
				CLANG_WARN_STRICT_PROTOTYPES = YES;
				CLANG_WARN_SUSPICIOUS_MOVE = YES;
				CLANG_WARN_UNGUARDED_AVAILABILITY = YES_AGGRESSIVE;
				CLANG_WARN_UNREACHABLE_CODE = YES;
				CLANG_WARN__DUPLICATE_METHOD_MATCH = YES;
				COPY_PHASE_STRIP = NO;
				DEBUG_INFORMATION_FORMAT = dwarf;
				ENABLE_STRICT_OBJC_MSGSEND = YES;
				ENABLE_TESTABILITY = YES;
				GCC_C_LANGUAGE_STANDARD = gnu11;
				GCC_DYNAMIC_NO_PIC = NO;
				GCC_NO_COMMON_BLOCKS = YES;
				GCC_OPTIMIZATION_LEVEL = 0;
				GCC_PREPROCESSOR_DEFINITIONS = (
					"DEBUG=1",
					"$(inherited)",
				);
				GCC_WARN_64_TO_32_BIT_CONVERSION = YES;
				GCC_WARN_ABOUT_RETURN_TYPE = YES_ERROR;
				GCC_WARN_UNDECLARED_SELECTOR = YES;
				GCC_WARN_UNINITIALIZED_AUTOS = YES_AGGRESSIVE;
				GCC_WARN_UNUSED_FUNCTION = YES;
				GCC_WARN_UNUSED_VARIABLE = YES;
				IPHONEOS_DEPLOYMENT_TARGET = 16.0;
				MTL_ENABLE_DEBUG_INFO = INCLUDE_SOURCE;
				MTL_FAST_MATH = YES;
				ONLY_ACTIVE_ARCH = YES;
				SDKROOT = iphoneos;
				SWIFT_ACTIVE_COMPILATION_CONDITIONS = DEBUG;
				SWIFT_OPTIMIZATION_LEVEL = "-Onone";
			};
			name = Debug;
		};
		C0713F212A261E5700B87B06 /* Release */ = {
			isa = XCBuildConfiguration;
			buildSettings = {
				ALWAYS_SEARCH_USER_PATHS = NO;
				CLANG_ANALYZER_NONNULL = YES;
				CLANG_ANALYZER_NUMBER_OBJECT_CONVERSION = YES_AGGRESSIVE;
				CLANG_CXX_LANGUAGE_STANDARD = "gnu++20";
				CLANG_ENABLE_MODULES = YES;
				CLANG_ENABLE_OBJC_ARC = YES;
				CLANG_ENABLE_OBJC_WEAK = YES;
				CLANG_WARN_BLOCK_CAPTURE_AUTORELEASING = YES;
				CLANG_WARN_BOOL_CONVERSION = YES;
				CLANG_WARN_COMMA = YES;
				CLANG_WARN_CONSTANT_CONVERSION = YES;
				CLANG_WARN_DEPRECATED_OBJC_IMPLEMENTATIONS = YES;
				CLANG_WARN_DIRECT_OBJC_ISA_USAGE = YES_ERROR;
				CLANG_WARN_DOCUMENTATION_COMMENTS = YES;
				CLANG_WARN_EMPTY_BODY = YES;
				CLANG_WARN_ENUM_CONVERSION = YES;
				CLANG_WARN_INFINITE_RECURSION = YES;
				CLANG_WARN_INT_CONVERSION = YES;
				CLANG_WARN_NON_LITERAL_NULL_CONVERSION = YES;
				CLANG_WARN_OBJC_IMPLICIT_RETAIN_SELF = YES;
				CLANG_WARN_OBJC_LITERAL_CONVERSION = YES;
				CLANG_WARN_OBJC_ROOT_CLASS = YES_ERROR;
				CLANG_WARN_QUOTED_INCLUDE_IN_FRAMEWORK_HEADER = YES;
				CLANG_WARN_RANGE_LOOP_ANALYSIS = YES;
				CLANG_WARN_STRICT_PROTOTYPES = YES;
				CLANG_WARN_SUSPICIOUS_MOVE = YES;
				CLANG_WARN_UNGUARDED_AVAILABILITY = YES_AGGRESSIVE;
				CLANG_WARN_UNREACHABLE_CODE = YES;
				CLANG_WARN__DUPLICATE_METHOD_MATCH = YES;
				COPY_PHASE_STRIP = NO;
				DEBUG_INFORMATION_FORMAT = "dwarf-with-dsym";
				ENABLE_NS_ASSERTIONS = NO;
				ENABLE_STRICT_OBJC_MSGSEND = YES;
				GCC_C_LANGUAGE_STANDARD = gnu11;
				GCC_NO_COMMON_BLOCKS = YES;
				GCC_WARN_64_TO_32_BIT_CONVERSION = YES;
				GCC_WARN_ABOUT_RETURN_TYPE = YES_ERROR;
				GCC_WARN_UNDECLARED_SELECTOR = YES;
				GCC_WARN_UNINITIALIZED_AUTOS = YES_AGGRESSIVE;
				GCC_WARN_UNUSED_FUNCTION = YES;
				GCC_WARN_UNUSED_VARIABLE = YES;
				IPHONEOS_DEPLOYMENT_TARGET = 16.0;
				MTL_ENABLE_DEBUG_INFO = NO;
				MTL_FAST_MATH = YES;
				SDKROOT = iphoneos;
				SWIFT_COMPILATION_MODE = wholemodule;
				SWIFT_OPTIMIZATION_LEVEL = "-O";
				VALIDATE_PRODUCT = YES;
			};
			name = Release;
		};
		C0713F232A261E5700B87B06 /* Debug */ = {
			isa = XCBuildConfiguration;
			baseConfigurationReference = DB3D3A599A4F713991DB40A0 /* Pods-CarSpeedTest.debug.xcconfig */;
			buildSettings = {
				ASSETCATALOG_COMPILER_APPICON_NAME = AppIcon;
				ASSETCATALOG_COMPILER_GLOBAL_ACCENT_COLOR_NAME = AccentColor;
				CODE_SIGN_STYLE = Automatic;
				CURRENT_PROJECT_VERSION = 1;
				DEVELOPMENT_ASSET_PATHS = "\"CarSpeedTest/Preview Content\"";
				DEVELOPMENT_TEAM = 93NA5FP2X8;
				ENABLE_PREVIEWS = YES;
				GENERATE_INFOPLIST_FILE = YES;
				INFOPLIST_FILE = CarSpeedTest/Info.plist;
				INFOPLIST_KEY_NSLocationAlwaysAndWhenInUseUsageDescription = "This app needs access to your location even when it is in the background to provide continuous location-based services.";
				INFOPLIST_KEY_NSLocationWhenInUseUsageDescription = "This app needs access to your location when it is in use to provide location-based services.";
				INFOPLIST_KEY_NSMotionUsageDescription = "This app needs access to the device's motion data to measure acceleration for tracking purposes.";
				INFOPLIST_KEY_UIApplicationSceneManifest_Generation = YES;
				INFOPLIST_KEY_UIApplicationSupportsIndirectInputEvents = YES;
				INFOPLIST_KEY_UILaunchScreen_Generation = YES;
				INFOPLIST_KEY_UISupportedInterfaceOrientations_iPad = "UIInterfaceOrientationPortrait UIInterfaceOrientationPortraitUpsideDown UIInterfaceOrientationLandscapeLeft UIInterfaceOrientationLandscapeRight";
				INFOPLIST_KEY_UISupportedInterfaceOrientations_iPhone = "UIInterfaceOrientationPortrait UIInterfaceOrientationLandscapeLeft UIInterfaceOrientationLandscapeRight";
				LD_RUNPATH_SEARCH_PATHS = (
					"$(inherited)",
					"@executable_path/Frameworks",
				);
				MARKETING_VERSION = 1.0;
				PRODUCT_BUNDLE_IDENTIFIER = "saydulayev.wien-gmail.com.CarSpeedTest";
				PRODUCT_NAME = "$(TARGET_NAME)";
				SWIFT_EMIT_LOC_STRINGS = YES;
				SWIFT_VERSION = 5.0;
				TARGETED_DEVICE_FAMILY = "1,2";
			};
			name = Debug;
		};
		C0713F242A261E5700B87B06 /* Release */ = {
			isa = XCBuildConfiguration;
			baseConfigurationReference = 76AE3F09F3B4B65A17285F3A /* Pods-CarSpeedTest.release.xcconfig */;
			buildSettings = {
				ASSETCATALOG_COMPILER_APPICON_NAME = AppIcon;
				ASSETCATALOG_COMPILER_GLOBAL_ACCENT_COLOR_NAME = AccentColor;
				CODE_SIGN_STYLE = Automatic;
				CURRENT_PROJECT_VERSION = 1;
				DEVELOPMENT_ASSET_PATHS = "\"CarSpeedTest/Preview Content\"";
				DEVELOPMENT_TEAM = 93NA5FP2X8;
				ENABLE_PREVIEWS = YES;
				GENERATE_INFOPLIST_FILE = YES;
				INFOPLIST_FILE = CarSpeedTest/Info.plist;
				INFOPLIST_KEY_NSLocationAlwaysAndWhenInUseUsageDescription = "This app needs access to your location even when it is in the background to provide continuous location-based services.";
				INFOPLIST_KEY_NSLocationWhenInUseUsageDescription = "This app needs access to your location when it is in use to provide location-based services.";
				INFOPLIST_KEY_NSMotionUsageDescription = "This app needs access to the device's motion data to measure acceleration for tracking purposes.";
				INFOPLIST_KEY_UIApplicationSceneManifest_Generation = YES;
				INFOPLIST_KEY_UIApplicationSupportsIndirectInputEvents = YES;
				INFOPLIST_KEY_UILaunchScreen_Generation = YES;
				INFOPLIST_KEY_UISupportedInterfaceOrientations_iPad = "UIInterfaceOrientationPortrait UIInterfaceOrientationPortraitUpsideDown UIInterfaceOrientationLandscapeLeft UIInterfaceOrientationLandscapeRight";
				INFOPLIST_KEY_UISupportedInterfaceOrientations_iPhone = "UIInterfaceOrientationPortrait UIInterfaceOrientationLandscapeLeft UIInterfaceOrientationLandscapeRight";
				LD_RUNPATH_SEARCH_PATHS = (
					"$(inherited)",
					"@executable_path/Frameworks",
				);
				MARKETING_VERSION = 1.0;
				PRODUCT_BUNDLE_IDENTIFIER = "saydulayev.wien-gmail.com.CarSpeedTest";
				PRODUCT_NAME = "$(TARGET_NAME)";
				SWIFT_EMIT_LOC_STRINGS = YES;
				SWIFT_VERSION = 5.0;
				TARGETED_DEVICE_FAMILY = "1,2";
			};
			name = Release;
		};
/* End XCBuildConfiguration section */

/* Begin XCConfigurationList section */
		C0713F0F2A261E5600B87B06 /* Build configuration list for PBXProject "CarSpeedTest" */ = {
			isa = XCConfigurationList;
			buildConfigurations = (
				C0713F202A261E5700B87B06 /* Debug */,
				C0713F212A261E5700B87B06 /* Release */,
			);
			defaultConfigurationIsVisible = 0;
			defaultConfigurationName = Release;
		};
		C0713F222A261E5700B87B06 /* Build configuration list for PBXNativeTarget "CarSpeedTest" */ = {
			isa = XCConfigurationList;
			buildConfigurations = (
				C0713F232A261E5700B87B06 /* Debug */,
				C0713F242A261E5700B87B06 /* Release */,
			);
			defaultConfigurationIsVisible = 0;
			defaultConfigurationName = Release;
		};
/* End XCConfigurationList section */

/* Begin XCRemoteSwiftPackageReference section */
		C0713F252A261E7D00B87B06 /* XCRemoteSwiftPackageReference "ChartView" */ = {
			isa = XCRemoteSwiftPackageReference;
			repositoryURL = "https://github.com/AppPear/ChartView";
			requirement = {
				kind = upToNextMajorVersion;
				minimumVersion = 1.0.0;
			};
		};
/* End XCRemoteSwiftPackageReference section */

/* Begin XCSwiftPackageProductDependency section */
		C0713F262A261E7D00B87B06 /* SwiftUICharts */ = {
			isa = XCSwiftPackageProductDependency;
			package = C0713F252A261E7D00B87B06 /* XCRemoteSwiftPackageReference "ChartView" */;
			productName = SwiftUICharts;
		};
/* End XCSwiftPackageProductDependency section */
	};
	rootObject = C0713F0C2A261E5600B87B06 /* Project object */;
}
